// !$*UTF8*$!
{
	archiveVersion = 1;
	classes = {
	};
	objectVersion = 50;
	objects = {

/* Begin PBXBuildFile section */
		45E7919E20FD4B82000BDECD /* AppDelegate.swift in Sources */ = {isa = PBXBuildFile; fileRef = 45E7919D20FD4B82000BDECD /* AppDelegate.swift */; };
		45E791A020FD4B82000BDECD /* InitialViewController.swift in Sources */ = {isa = PBXBuildFile; fileRef = 45E7919F20FD4B82000BDECD /* InitialViewController.swift */; };
		45E791A320FD4B82000BDECD /* Main.storyboard in Resources */ = {isa = PBXBuildFile; fileRef = 45E791A120FD4B82000BDECD /* Main.storyboard */; };
		45E791A520FD4B86000BDECD /* Assets.xcassets in Resources */ = {isa = PBXBuildFile; fileRef = 45E791A420FD4B86000BDECD /* Assets.xcassets */; };
		45E791A820FD4B86000BDECD /* LaunchScreen.storyboard in Resources */ = {isa = PBXBuildFile; fileRef = 45E791A620FD4B86000BDECD /* LaunchScreen.storyboard */; };
		C9E61FA120FE5D5F0009993F /* CheckListTableViewController.swift in Sources */ = {isa = PBXBuildFile; fileRef = C9E61FA020FE5D5F0009993F /* CheckListTableViewController.swift */; };
/* End PBXBuildFile section */

/* Begin PBXFileReference section */
		45E7919A20FD4B82000BDECD /* MapReminderz.app */ = {isa = PBXFileReference; explicitFileType = wrapper.application; includeInIndex = 0; path = MapReminderz.app; sourceTree = BUILT_PRODUCTS_DIR; };
		45E7919D20FD4B82000BDECD /* AppDelegate.swift */ = {isa = PBXFileReference; lastKnownFileType = sourcecode.swift; path = AppDelegate.swift; sourceTree = "<group>"; };
		45E7919F20FD4B82000BDECD /* InitialViewController.swift */ = {isa = PBXFileReference; lastKnownFileType = sourcecode.swift; path = InitialViewController.swift; sourceTree = "<group>"; };
		45E791A220FD4B82000BDECD /* Base */ = {isa = PBXFileReference; lastKnownFileType = file.storyboard; name = Base; path = Base.lproj/Main.storyboard; sourceTree = "<group>"; };
		45E791A420FD4B86000BDECD /* Assets.xcassets */ = {isa = PBXFileReference; lastKnownFileType = folder.assetcatalog; path = Assets.xcassets; sourceTree = "<group>"; };
		45E791A720FD4B86000BDECD /* Base */ = {isa = PBXFileReference; lastKnownFileType = file.storyboard; name = Base; path = Base.lproj/LaunchScreen.storyboard; sourceTree = "<group>"; };
		45E791A920FD4B87000BDECD /* Info.plist */ = {isa = PBXFileReference; lastKnownFileType = text.plist.xml; path = Info.plist; sourceTree = "<group>"; };
		C9E61FA020FE5D5F0009993F /* CheckListTableViewController.swift */ = {isa = PBXFileReference; lastKnownFileType = sourcecode.swift; path = CheckListTableViewController.swift; sourceTree = "<group>"; };
/* End PBXFileReference section */

/* Begin PBXFrameworksBuildPhase section */
		45E7919720FD4B82000BDECD /* Frameworks */ = {
			isa = PBXFrameworksBuildPhase;
			buildActionMask = 2147483647;
			files = (
			);
			runOnlyForDeploymentPostprocessing = 0;
		};
/* End PBXFrameworksBuildPhase section */

/* Begin PBXGroup section */
		45E7919120FD4B82000BDECD = {
			isa = PBXGroup;
			children = (
				45E7919C20FD4B82000BDECD /* MapReminderz */,
				45E7919B20FD4B82000BDECD /* Products */,
			);
			sourceTree = "<group>";
		};
		45E7919B20FD4B82000BDECD /* Products */ = {
			isa = PBXGroup;
			children = (
				45E7919A20FD4B82000BDECD /* MapReminderz.app */,
			);
			name = Products;
			sourceTree = "<group>";
		};
		45E7919C20FD4B82000BDECD /* MapReminderz */ = {
			isa = PBXGroup;
			children = (
				45E791B020FD547E000BDECD /* Controllers */,
				45E7919D20FD4B82000BDECD /* AppDelegate.swift */,
				45E791A120FD4B82000BDECD /* Main.storyboard */,
				45E791A420FD4B86000BDECD /* Assets.xcassets */,
				45E791A620FD4B86000BDECD /* LaunchScreen.storyboard */,
				45E791A920FD4B87000BDECD /* Info.plist */,
			);
			path = MapReminderz;
			sourceTree = "<group>";
		};
		45E791B020FD547E000BDECD /* Controllers */ = {
			isa = PBXGroup;
			children = (
				45E7919F20FD4B82000BDECD /* InitialViewController.swift */,
				C9E61FA020FE5D5F0009993F /* CheckListTableViewController.swift */,
			);
			path = Controllers;
			sourceTree = "<group>";
		};
/* End PBXGroup section */

/* Begin PBXNativeTarget section */
		45E7919920FD4B82000BDECD /* MapReminderz */ = {
			isa = PBXNativeTarget;
			buildConfigurationList = 45E791AC20FD4B87000BDECD /* Build configuration list for PBXNativeTarget "MapReminderz" */;
			buildPhases = (
				45E7919620FD4B82000BDECD /* Sources */,
				45E7919720FD4B82000BDECD /* Frameworks */,
				45E7919820FD4B82000BDECD /* Resources */,
			);
			buildRules = (
			);
			dependencies = (
			);
			name = MapReminderz;
			productName = MapReminderz;
			productReference = 45E7919A20FD4B82000BDECD /* MapReminderz.app */;
			productType = "com.apple.product-type.application";
		};
/* End PBXNativeTarget section */

/* Begin PBXProject section */
		45E7919220FD4B82000BDECD /* Project object */ = {
			isa = PBXProject;
			attributes = {
				LastSwiftUpdateCheck = 0940;
				LastUpgradeCheck = 0940;
				ORGANIZATIONNAME = MakeSchool;
				TargetAttributes = {
					45E7919920FD4B82000BDECD = {
						CreatedOnToolsVersion = 9.4.1;
					};
				};
			};
			buildConfigurationList = 45E7919520FD4B82000BDECD /* Build configuration list for PBXProject "MapReminderz" */;
			compatibilityVersion = "Xcode 9.3";
			developmentRegion = en;
			hasScannedForEncodings = 0;
			knownRegions = (
				en,
				Base,
			);
			mainGroup = 45E7919120FD4B82000BDECD;
			productRefGroup = 45E7919B20FD4B82000BDECD /* Products */;
			projectDirPath = "";
			projectRoot = "";
			targets = (
				45E7919920FD4B82000BDECD /* MapReminderz */,
			);
		};
/* End PBXProject section */

/* Begin PBXResourcesBuildPhase section */
		45E7919820FD4B82000BDECD /* Resources */ = {
			isa = PBXResourcesBuildPhase;
			buildActionMask = 2147483647;
			files = (
				45E791A820FD4B86000BDECD /* LaunchScreen.storyboard in Resources */,
				45E791A520FD4B86000BDECD /* Assets.xcassets in Resources */,
				45E791A320FD4B82000BDECD /* Main.storyboard in Resources */,
			);
			runOnlyForDeploymentPostprocessing = 0;
		};
/* End PBXResourcesBuildPhase section */

/* Begin PBXSourcesBuildPhase section */
		45E7919620FD4B82000BDECD /* Sources */ = {
			isa = PBXSourcesBuildPhase;
			buildActionMask = 2147483647;
			files = (
				45E791A020FD4B82000BDECD /* InitialViewController.swift in Sources */,
				45E7919E20FD4B82000BDECD /* AppDelegate.swift in Sources */,
				C9E61FA120FE5D5F0009993F /* CheckListTableViewController.swift in Sources */,
			);
			runOnlyForDeploymentPostprocessing = 0;
		};
/* End PBXSourcesBuildPhase section */

/* Begin PBXVariantGroup section */
		45E791A120FD4B82000BDECD /* Main.storyboard */ = {
			isa = PBXVariantGroup;
			children = (
				45E791A220FD4B82000BDECD /* Base */,
			);
			name = Main.storyboard;
			sourceTree = "<group>";
		};
		45E791A620FD4B86000BDECD /* LaunchScreen.storyboard */ = {
			isa = PBXVariantGroup;
			children = (
				45E791A720FD4B86000BDECD /* Base */,
			);
			name = LaunchScreen.storyboard;
			sourceTree = "<group>";
		};
/* End PBXVariantGroup section */

/* Begin XCBuildConfiguration section */
		45E791AA20FD4B87000BDECD /* Debug */ = {
			isa = XCBuildConfiguration;
			buildSettings = {
				ALWAYS_SEARCH_USER_PATHS = NO;
				CLANG_ANALYZER_NONNULL = YES;
				CLANG_ANALYZER_NUMBER_OBJECT_CONVERSION = YES_AGGRESSIVE;
				CLANG_CXX_LANGUAGE_STANDARD = "gnu++14";
				CLANG_CXX_LIBRARY = "libc++";
				CLANG_ENABLE_MODULES = YES;
				CLANG_ENABLE_OBJC_ARC = YES;
				CLANG_ENABLE_OBJC_WEAK = YES;
				CLANG_WARN_BLOCK_CAPTURE_AUTORELEASING = YES;
				CLANG_WARN_BOOL_CONVERSION = YES;
				CLANG_WARN_COMMA = YES;
				CLANG_WARN_CONSTANT_CONVERSION = YES;
				CLANG_WARN_DEPRECATED_OBJC_IMPLEMENTATIONS = YES;
				CLANG_WARN_DIRECT_OBJC_ISA_USAGE = YES_ERROR;
				CLANG_WARN_DOCUMENTATION_COMMENTS = YES;
				CLANG_WARN_EMPTY_BODY = YES;
				CLANG_WARN_ENUM_CONVERSION = YES;
				CLANG_WARN_INFINITE_RECURSION = YES;
				CLANG_WARN_INT_CONVERSION = YES;
				CLANG_WARN_NON_LITERAL_NULL_CONVERSION = YES;
				CLANG_WARN_OBJC_IMPLICIT_RETAIN_SELF = YES;
				CLANG_WARN_OBJC_LITERAL_CONVERSION = YES;
				CLANG_WARN_OBJC_ROOT_CLASS = YES_ERROR;
				CLANG_WARN_RANGE_LOOP_ANALYSIS = YES;
				CLANG_WARN_STRICT_PROTOTYPES = YES;
				CLANG_WARN_SUSPICIOUS_MOVE = YES;
				CLANG_WARN_UNGUARDED_AVAILABILITY = YES_AGGRESSIVE;
				CLANG_WARN_UNREACHABLE_CODE = YES;
				CLANG_WARN__DUPLICATE_METHOD_MATCH = YES;
				CODE_SIGN_IDENTITY = "iPhone Developer";
				COPY_PHASE_STRIP = NO;
				DEBUG_INFORMATION_FORMAT = dwarf;
				ENABLE_STRICT_OBJC_MSGSEND = YES;
				ENABLE_TESTABILITY = YES;
				GCC_C_LANGUAGE_STANDARD = gnu11;
				GCC_DYNAMIC_NO_PIC = NO;
				GCC_NO_COMMON_BLOCKS = YES;
				GCC_OPTIMIZATION_LEVEL = 0;
				GCC_PREPROCESSOR_DEFINITIONS = (
					"DEBUG=1",
					"$(inherited)",
				);
				GCC_WARN_64_TO_32_BIT_CONVERSION = YES;
				GCC_WARN_ABOUT_RETURN_TYPE = YES_ERROR;
				GCC_WARN_UNDECLARED_SELECTOR = YES;
				GCC_WARN_UNINITIALIZED_AUTOS = YES_AGGRESSIVE;
				GCC_WARN_UNUSED_FUNCTION = YES;
				GCC_WARN_UNUSED_VARIABLE = YES;
				IPHONEOS_DEPLOYMENT_TARGET = 11.4;
				MTL_ENABLE_DEBUG_INFO = YES;
				ONLY_ACTIVE_ARCH = YES;
				SDKROOT = iphoneos;
				SWIFT_ACTIVE_COMPILATION_CONDITIONS = DEBUG;
				SWIFT_OPTIMIZATION_LEVEL = "-Onone";
			};
			name = Debug;
		};
		45E791AB20FD4B87000BDECD /* Release */ = {
			isa = XCBuildConfiguration;
			buildSettings = {
				ALWAYS_SEARCH_USER_PATHS = NO;
				CLANG_ANALYZER_NONNULL = YES;
				CLANG_ANALYZER_NUMBER_OBJECT_CONVERSION = YES_AGGRESSIVE;
				CLANG_CXX_LANGUAGE_STANDARD = "gnu++14";
				CLANG_CXX_LIBRARY = "libc++";
				CLANG_ENABLE_MODULES = YES;
				CLANG_ENABLE_OBJC_ARC = YES;
				CLANG_ENABLE_OBJC_WEAK = YES;
				CLANG_WARN_BLOCK_CAPTURE_AUTORELEASING = YES;
				CLANG_WARN_BOOL_CONVERSION = YES;
				CLANG_WARN_COMMA = YES;
				CLANG_WARN_CONSTANT_CONVERSION = YES;
				CLANG_WARN_DEPRECATED_OBJC_IMPLEMENTATIONS = YES;
				CLANG_WARN_DIRECT_OBJC_ISA_USAGE = YES_ERROR;
				CLANG_WARN_DOCUMENTATION_COMMENTS = YES;
				CLANG_WARN_EMPTY_BODY = YES;
				CLANG_WARN_ENUM_CONVERSION = YES;
				CLANG_WARN_INFINITE_RECURSION = YES;
				CLANG_WARN_INT_CONVERSION = YES;
				CLANG_WARN_NON_LITERAL_NULL_CONVERSION = YES;
				CLANG_WARN_OBJC_IMPLICIT_RETAIN_SELF = YES;
				CLANG_WARN_OBJC_LITERAL_CONVERSION = YES;
				CLANG_WARN_OBJC_ROOT_CLASS = YES_ERROR;
				CLANG_WARN_RANGE_LOOP_ANALYSIS = YES;
				CLANG_WARN_STRICT_PROTOTYPES = YES;
				CLANG_WARN_SUSPICIOUS_MOVE = YES;
				CLANG_WARN_UNGUARDED_AVAILABILITY = YES_AGGRESSIVE;
				CLANG_WARN_UNREACHABLE_CODE = YES;
				CLANG_WARN__DUPLICATE_METHOD_MATCH = YES;
				CODE_SIGN_IDENTITY = "iPhone Developer";
				COPY_PHASE_STRIP = NO;
				DEBUG_INFORMATION_FORMAT = "dwarf-with-dsym";
				ENABLE_NS_ASSERTIONS = NO;
				ENABLE_STRICT_OBJC_MSGSEND = YES;
				GCC_C_LANGUAGE_STANDARD = gnu11;
				GCC_NO_COMMON_BLOCKS = YES;
				GCC_WARN_64_TO_32_BIT_CONVERSION = YES;
				GCC_WARN_ABOUT_RETURN_TYPE = YES_ERROR;
				GCC_WARN_UNDECLARED_SELECTOR = YES;
				GCC_WARN_UNINITIALIZED_AUTOS = YES_AGGRESSIVE;
				GCC_WARN_UNUSED_FUNCTION = YES;
				GCC_WARN_UNUSED_VARIABLE = YES;
				IPHONEOS_DEPLOYMENT_TARGET = 11.4;
				MTL_ENABLE_DEBUG_INFO = NO;
				SDKROOT = iphoneos;
				SWIFT_COMPILATION_MODE = wholemodule;
				SWIFT_OPTIMIZATION_LEVEL = "-O";
				VALIDATE_PRODUCT = YES;
			};
			name = Release;
		};
		45E791AD20FD4B87000BDECD /* Debug */ = {
			isa = XCBuildConfiguration;
			buildSettings = {
				ASSETCATALOG_COMPILER_APPICON_NAME = AppIcon;
				CODE_SIGN_STYLE = Automatic;
				DEVELOPMENT_TEAM = YCLV994J57;
				INFOPLIST_FILE = MapReminderz/Info.plist;
				LD_RUNPATH_SEARCH_PATHS = (
					"$(inherited)",
					"@executable_path/Frameworks",
				);
				PRODUCT_BUNDLE_IDENTIFIER = com.makeschool.MapReminderz;
				PRODUCT_NAME = "$(TARGET_NAME)";
				SWIFT_VERSION = 4.0;
				TARGETED_DEVICE_FAMILY = "1,2";
			};
			name = Debug;
		};
		45E791AE20FD4B87000BDECD /* Release */ = {
			isa = XCBuildConfiguration;
			buildSettings = {
				ASSETCATALOG_COMPILER_APPICON_NAME = AppIcon;
				CODE_SIGN_STYLE = Automatic;
				DEVELOPMENT_TEAM = YCLV994J57;
				INFOPLIST_FILE = MapReminderz/Info.plist;
				LD_RUNPATH_SEARCH_PATHS = (
					"$(inherited)",
					"@executable_path/Frameworks",
				);
				PRODUCT_BUNDLE_IDENTIFIER = com.makeschool.MapReminderz;
				PRODUCT_NAME = "$(TARGET_NAME)";
				SWIFT_VERSION = 4.0;
				TARGETED_DEVICE_FAMILY = "1,2";
			};
			name = Release;
		};
/* End XCBuildConfiguration section */

/* Begin XCConfigurationList section */
		45E7919520FD4B82000BDECD /* Build configuration list for PBXProject "MapReminderz" */ = {
			isa = XCConfigurationList;
			buildConfigurations = (
				45E791AA20FD4B87000BDECD /* Debug */,
				45E791AB20FD4B87000BDECD /* Release */,
			);
			defaultConfigurationIsVisible = 0;
			defaultConfigurationName = Release;
		};
		45E791AC20FD4B87000BDECD /* Build configuration list for PBXNativeTarget "MapReminderz" */ = {
			isa = XCConfigurationList;
			buildConfigurations = (
				45E791AD20FD4B87000BDECD /* Debug */,
				45E791AE20FD4B87000BDECD /* Release */,
			);
			defaultConfigurationIsVisible = 0;
			defaultConfigurationName = Release;
		};
/* End XCConfigurationList section */
	};
	rootObject = 45E7919220FD4B82000BDECD /* Project object */;
}
